
Microsoft Visual Studio Solution File, Format Version 12.00
# Visual Studio 14
VisualStudioVersion = 14.0.25420.1
MinimumVisualStudioVersion = 10.0.40219.1
Project("{FAE04EC0-301F-11D3-BF4B-00C04F79EFBC}") = "TigerLookupDataChecker", "TigerLookupDataChecker\TigerLookupDataChecker.csproj", "{3B133185-70A6-498A-A026-B442C68FE31D}"
EndProject
Project("{2150E333-8FDC-42A3-9474-1A3956D46DE8}") = "Inputs", "Inputs", "{C1EDDC0D-5F59-4B91-B99D-1A6C10E5531B}"
	ProjectSection(SolutionItems) = preProject
		Inputs\CITY-TR.XML = Inputs\CITY-TR.XML
		Inputs\TOWN-TR.XML = Inputs\TOWN-TR.XML
		Inputs\TXOF-TR.XML = Inputs\TXOF-TR.XML
	EndProjectSection
EndProject
Project("{2150E333-8FDC-42A3-9474-1A3956D46DE8}") = "_Lib", "_Lib", "{963FCA85-E095-4497-BFFF-B7F92C849533}"
	ProjectSection(SolutionItems) = preProject
		Lib\NAF.Common.dll = Lib\NAF.Common.dll
		Lib\NAF.Platform.Services.Client.Rest.dll = Lib\NAF.Platform.Services.Client.Rest.dll
	EndProjectSection
EndProject
Global
	GlobalSection(SolutionConfigurationPlatforms) = preSolution
		Debug|Any CPU = Debug|Any CPU
		Release|Any CPU = Release|Any CPU
	EndGlobalSection
	GlobalSection(ProjectConfigurationPlatforms) = postSolution
		{3B133185-70A6-498A-A026-B442C68FE31D}.Debug|Any CPU.ActiveCfg = Debug|Any CPU
		{3B133185-70A6-498A-A026-B442C68FE31D}.Debug|Any CPU.Build.0 = Debug|Any CPU
		{3B133185-70A6-498A-A026-B442C68FE31D}.Release|Any CPU.ActiveCfg = Release|Any CPU
		{3B133185-70A6-498A-A026-B442C68FE31D}.Release|Any CPU.Build.0 = Release|Any CPU
	EndGlobalSection
	GlobalSection(SolutionProperties) = preSolution
		HideSolutionNode = FALSE
	EndGlobalSection
	GlobalSection(ExtensibilityGlobals) = postSolution
		SolutionGuid = {17EB7E8B-B912-44DB-80C5-BE93CC2C3B44}
	EndGlobalSection
EndGlobal
